
Microsoft Visual Studio Solution File, Format Version 12.00
# Visual Studio Version 16
VisualStudioVersion = 16.0.30104.148
MinimumVisualStudioVersion = 10.0.40219.1
Project("{FAE04EC0-301F-11D3-BF4B-00C04F79EFBC}") = "XACARS", "XACARS\XACARS.csproj", "{049DC284-926A-4040-AEB3-8FA0B1BD2A03}"
EndProject
Global
	GlobalSection(SolutionConfigurationPlatforms) = preSolution
		Debug|Any CPU = Debug|Any CPU
		Release|Any CPU = Release|Any CPU
	EndGlobalSection
	GlobalSection(ProjectConfigurationPlatforms) = postSolution
		{049DC284-926A-4040-AEB3-8FA0B1BD2A03}.Debug|Any CPU.ActiveCfg = Debug|Any CPU
		{049DC284-926A-4040-AEB3-8FA0B1BD2A03}.Debug|Any CPU.Build.0 = Debug|Any CPU
		{049DC284-926A-4040-AEB3-8FA0B1BD2A03}.Release|Any CPU.ActiveCfg = Release|Any CPU
		{049DC284-926A-4040-AEB3-8FA0B1BD2A03}.Release|Any CPU.Build.0 = Release|Any CPU
	EndGlobalSection
	GlobalSection(SolutionProperties) = preSolution
		HideSolutionNode = FALSE
	EndGlobalSection
	GlobalSection(ExtensibilityGlobals) = postSolution
		SolutionGuid = {B3845F53-0C34-42ED-B416-EE3457C59E92}
	EndGlobalSection
EndGlobal
